
Microsoft Visual Studio Solution File, Format Version 12.00
# Visual Studio Version 16
VisualStudioVersion = 16.0.29519.87
MinimumVisualStudioVersion = 10.0.40219.1
Project("{FAE04EC0-301F-11D3-BF4B-00C04F79EFBC}") = "aula_142-CreatingCustomExceptions", "aula_142-CreatingCustomExceptions\aula_142-CreatingCustomExceptions.csproj", "{7A396684-71B0-4DE6-9772-B7041FD195E5}"
EndProject
Global
	GlobalSection(SolutionConfigurationPlatforms) = preSolution
		Debug|Any CPU = Debug|Any CPU
		Release|Any CPU = Release|Any CPU
	EndGlobalSection
	GlobalSection(ProjectConfigurationPlatforms) = postSolution
		{7A396684-71B0-4DE6-9772-B7041FD195E5}.Debug|Any CPU.ActiveCfg = Debug|Any CPU
		{7A396684-71B0-4DE6-9772-B7041FD195E5}.Debug|Any CPU.Build.0 = Debug|Any CPU
		{7A396684-71B0-4DE6-9772-B7041FD195E5}.Release|Any CPU.ActiveCfg = Release|Any CPU
		{7A396684-71B0-4DE6-9772-B7041FD195E5}.Release|Any CPU.Build.0 = Release|Any CPU
	EndGlobalSection
	GlobalSection(SolutionProperties) = preSolution
		HideSolutionNode = FALSE
	EndGlobalSection
	GlobalSection(ExtensibilityGlobals) = postSolution
		SolutionGuid = {0FB94D71-5551-4046-850E-A541B6EB50C0}
	EndGlobalSection
EndGlobal
